
Microsoft Visual Studio Solution File, Format Version 12.00
# Visual Studio Version 17
VisualStudioVersion = 17.1.32210.238
MinimumVisualStudioVersion = 10.0.40219.1
Project("{8BC9CEB8-8B4A-11D0-8D11-00A0C91BC942}") = "Baekjoon", "Baekjoon.vcxproj", "{E3A9A870-AD5F-4153-B6F0-5610F53A11A5}"
EndProject
Project("{8BC9CEB8-8B4A-11D0-8D11-00A0C91BC942}") = "Programmers", "..\Programmers\Programmers.vcxproj", "{4AC0C6A5-2FBC-4FDA-BE73-BCC65095DCF2}"
EndProject
Global
	GlobalSection(SolutionConfigurationPlatforms) = preSolution
		Debug|x64 = Debug|x64
		Debug|x86 = Debug|x86
		Release|x64 = Release|x64
		Release|x86 = Release|x86
	EndGlobalSection
	GlobalSection(ProjectConfigurationPlatforms) = postSolution
		{E3A9A870-AD5F-4153-B6F0-5610F53A11A5}.Debug|x64.ActiveCfg = Debug|x64
		{E3A9A870-AD5F-4153-B6F0-5610F53A11A5}.Debug|x64.Build.0 = Debug|x64
		{E3A9A870-AD5F-4153-B6F0-5610F53A11A5}.Debug|x86.ActiveCfg = Debug|Win32
		{E3A9A870-AD5F-4153-B6F0-5610F53A11A5}.Debug|x86.Build.0 = Debug|Win32
		{E3A9A870-AD5F-4153-B6F0-5610F53A11A5}.Release|x64.ActiveCfg = Release|x64
		{E3A9A870-AD5F-4153-B6F0-5610F53A11A5}.Release|x64.Build.0 = Release|x64
		{E3A9A870-AD5F-4153-B6F0-5610F53A11A5}.Release|x86.ActiveCfg = Release|Win32
		{E3A9A870-AD5F-4153-B6F0-5610F53A11A5}.Release|x86.Build.0 = Release|Win32
		{4AC0C6A5-2FBC-4FDA-BE73-BCC65095DCF2}.Debug|x64.ActiveCfg = Debug|x64
		{4AC0C6A5-2FBC-4FDA-BE73-BCC65095DCF2}.Debug|x64.Build.0 = Debug|x64
		{4AC0C6A5-2FBC-4FDA-BE73-BCC65095DCF2}.Debug|x86.ActiveCfg = Debug|Win32
		{4AC0C6A5-2FBC-4FDA-BE73-BCC65095DCF2}.Debug|x86.Build.0 = Debug|Win32
		{4AC0C6A5-2FBC-4FDA-BE73-BCC65095DCF2}.Release|x64.ActiveCfg = Release|x64
		{4AC0C6A5-2FBC-4FDA-BE73-BCC65095DCF2}.Release|x64.Build.0 = Release|x64
		{4AC0C6A5-2FBC-4FDA-BE73-BCC65095DCF2}.Release|x86.ActiveCfg = Release|Win32
		{4AC0C6A5-2FBC-4FDA-BE73-BCC65095DCF2}.Release|x86.Build.0 = Release|Win32
	EndGlobalSection
	GlobalSection(SolutionProperties) = preSolution
		HideSolutionNode = FALSE
	EndGlobalSection
	GlobalSection(ExtensibilityGlobals) = postSolution
		SolutionGuid = {430EE20B-7A29-4310-A191-249AB6861E56}
	EndGlobalSection
EndGlobal
